
Microsoft Visual Studio Solution File, Format Version 12.00
# Visual Studio 2012
Project("{FAE04EC0-301F-11D3-BF4B-00C04F79EFBC}") = "EmoSong", "EmoSong\EmoSong.csproj", "{5D4F777E-2BDA-4501-9222-2D83C9079E8A}"
EndProject
Project("{FAE04EC0-301F-11D3-BF4B-00C04F79EFBC}") = "EmoSong.Droid", "Droid\EmoSong.Droid.csproj", "{11AE3064-C7B4-4513-967D-DB07BB51E5F6}"
EndProject
Global
	GlobalSection(SolutionConfigurationPlatforms) = preSolution
		Debug|Any CPU = Debug|Any CPU
		Release|Any CPU = Release|Any CPU
	EndGlobalSection
	GlobalSection(ProjectConfigurationPlatforms) = postSolution
		{5D4F777E-2BDA-4501-9222-2D83C9079E8A}.Debug|Any CPU.ActiveCfg = Debug|Any CPU
		{5D4F777E-2BDA-4501-9222-2D83C9079E8A}.Debug|Any CPU.Build.0 = Debug|Any CPU
		{5D4F777E-2BDA-4501-9222-2D83C9079E8A}.Release|Any CPU.ActiveCfg = Release|Any CPU
		{5D4F777E-2BDA-4501-9222-2D83C9079E8A}.Release|Any CPU.Build.0 = Release|Any CPU
		{11AE3064-C7B4-4513-967D-DB07BB51E5F6}.Debug|Any CPU.ActiveCfg = Debug|Any CPU
		{11AE3064-C7B4-4513-967D-DB07BB51E5F6}.Debug|Any CPU.Build.0 = Debug|Any CPU
		{11AE3064-C7B4-4513-967D-DB07BB51E5F6}.Release|Any CPU.ActiveCfg = Release|Any CPU
		{11AE3064-C7B4-4513-967D-DB07BB51E5F6}.Release|Any CPU.Build.0 = Release|Any CPU
	EndGlobalSection
EndGlobal
